Microsoft Visual Studio Solution File, Format Version 12.00
# Visual Studio Version 17
VisualStudioVersion = 17.8.34306.79
MinimumVisualStudioVersion = 10.0.40219.1
Project("{FAE04EC0-301F-11D3-BF4B-00C04F79EFBC}") = "DeltaECS", "src/DeltaECS/DeltaECS.csproj", "{F892A50F-516C-49BA-8CBF-9CA6911A769A}"
EndProject
Project("{FAE04EC0-301F-11D3-BF4B-00C04F79EFBC}") = "DeltaECSTests", "tests/DeltaECSTests/DeltaECSTests.csproj", "{5CE49A66-3ED7-4261-B742-8D27E6AE03E3}"
EndProject
Project("{FAE04EC0-301F-11D3-BF4B-00C04F79EFBC}") = "DeltaECS.Benchmarks", "benchmarks/DeltaECS.Benchmarks/DeltaECS.Benchmarks.csproj", "{AF1DABF3-F585-4375-9044-A53721FEF497}"
EndProject
Global
	GlobalSection(SolutionConfigurationPlatforms) = preSolution
		Debug|Any CPU = Debug|Any CPU
		Release|Any CPU = Release|Any CPU
	EndGlobalSection
	GlobalSection(ProjectConfigurationPlatforms) = postSolution
		{F892A50F-516C-49BA-8CBF-9CA6911A769A}.Debug|Any CPU.ActiveCfg = Debug|Any CPU
		{F892A50F-516C-49BA-8CBF-9CA6911A769A}.Debug|Any CPU.Build.0 = Debug|Any CPU
		{F892A50F-516C-49BA-8CBF-9CA6911A769A}.Release|Any CPU.ActiveCfg = Release|Any CPU
		{F892A50F-516C-49BA-8CBF-9CA6911A769A}.Release|Any CPU.Build.0 = Release|Any CPU
		{5CE49A66-3ED7-4261-B742-8D27E6AE03E3}.Debug|Any CPU.ActiveCfg = Debug|Any CPU
		{5CE49A66-3ED7-4261-B742-8D27E6AE03E3}.Debug|Any CPU.Build.0 = Debug|Any CPU
		{5CE49A66-3ED7-4261-B742-8D27E6AE03E3}.Release|Any CPU.ActiveCfg = Release|Any CPU
		{5CE49A66-3ED7-4261-B742-8D27E6AE03E3}.Release|Any CPU.Build.0 = Release|Any CPU
		{AF1DABF3-F585-4375-9044-A53721FEF497}.Debug|Any CPU.ActiveCfg = Debug|Any CPU
		{AF1DABF3-F585-4375-9044-A53721FEF497}.Debug|Any CPU.Build.0 = Debug|Any CPU
		{AF1DABF3-F585-4375-9044-A53721FEF497}.Release|Any CPU.ActiveCfg = Release|Any CPU
		{AF1DABF3-F585-4375-9044-A53721FEF497}.Release|Any CPU.Build.0 = Release|Any CPU
	EndGlobalSection
EndGlobal
