<Solution>
  <Project Path="benchmarks/DeltaECS.Benchmarks/DeltaECS.Benchmarks.csproj" />
  <Project Path="benchmarks/DeltaECS.MicroBenchmarks/DeltaECS.MicroBenchmarks.csproj" />
  <Project Path="playground/DeltaECS.Playground/DeltaECS.Playground.csproj" />
  <Project Path="src/DeltaECS/DeltaECS.csproj" />
  <Project Path="tests/DeltaECSTests/DeltaECSTests.csproj" />
</Solution>
